
Microsoft Visual Studio Solution File, Format Version 12.00
# Visual Studio Version 17
VisualStudioVersion = 17.14.36212.18 d17.14
MinimumVisualStudioVersion = 10.0.40219.1
Project("{FAE04EC0-301F-11D3-BF4B-00C04F79EFBC}") = "ChatInsight.Api", "ChatInsight.Api.csproj", "{D49BEA80-C485-4693-A29F-D6E22E980CA1}"
EndProject
Global
	GlobalSection(SolutionConfigurationPlatforms) = preSolution
		Debug|Any CPU = Debug|Any CPU
		Release|Any CPU = Release|Any CPU
	EndGlobalSection
	GlobalSection(ProjectConfigurationPlatforms) = postSolution
		{D49BEA80-C485-4693-A29F-D6E22E980CA1}.Debug|Any CPU.ActiveCfg = Debug|Any CPU
		{D49BEA80-C485-4693-A29F-D6E22E980CA1}.Debug|Any CPU.Build.0 = Debug|Any CPU
		{D49BEA80-C485-4693-A29F-D6E22E980CA1}.Release|Any CPU.ActiveCfg = Release|Any CPU
		{D49BEA80-C485-4693-A29F-D6E22E980CA1}.Release|Any CPU.Build.0 = Release|Any CPU
	EndGlobalSection
	GlobalSection(SolutionProperties) = preSolution
		HideSolutionNode = FALSE
	EndGlobalSection
	GlobalSection(ExtensibilityGlobals) = postSolution
		SolutionGuid = {BEFE8574-5D40-450F-9D64-053B3DABB3E7}
	EndGlobalSection
EndGlobal
